// !$*UTF8*$!
{
	archiveVersion = 1;
	classes = {
	};
	objectVersion = 56;
	objects = {

/* Begin PBXBuildFile section */
		4B09A4892B41238900DE6D60 /* StudentRowView.swift in Sources */ = {isa = PBXBuildFile; fileRef = 4B09A4882B41238900DE6D60 /* StudentRowView.swift */; };
		4B1D26222B34A57A0014501D /* MusicStudentApp.swift in Sources */ = {isa = PBXBuildFile; fileRef = 4B1D26212B34A57A0014501D /* MusicStudentApp.swift */; };
		4B1D26242B34A57A0014501D /* ContentView.swift in Sources */ = {isa = PBXBuildFile; fileRef = 4B1D26232B34A57A0014501D /* ContentView.swift */; };
		4B1D26262B34A57C0014501D /* Assets.xcassets in Resources */ = {isa = PBXBuildFile; fileRef = 4B1D26252B34A57C0014501D /* Assets.xcassets */; };
		4B1D26292B34A57C0014501D /* Preview Assets.xcassets in Resources */ = {isa = PBXBuildFile; fileRef = 4B1D26282B34A57C0014501D /* Preview Assets.xcassets */; };
		4B1D262B2B34A57C0014501D /* Persistence.swift in Sources */ = {isa = PBXBuildFile; fileRef = 4B1D262A2B34A57C0014501D /* Persistence.swift */; };
		4B1D262E2B34A57C0014501D /* MusicStudent.xcdatamodeld in Sources */ = {isa = PBXBuildFile; fileRef = 4B1D262C2B34A57C0014501D /* MusicStudent.xcdatamodeld */; };
		4B1D26382B35E6540014501D /* Student.swift in Sources */ = {isa = PBXBuildFile; fileRef = 4B1D26372B35E6540014501D /* Student.swift */; };
		4B1D26402B388FCF0014501D /* FilterOptionsView.swift in Sources */ = {isa = PBXBuildFile; fileRef = 4B1D263F2B388FCF0014501D /* FilterOptionsView.swift */; };
		4B1D26422B38AA470014501D /* DatabaseManager.swift in Sources */ = {isa = PBXBuildFile; fileRef = 4B1D26412B38AA470014501D /* DatabaseManager.swift */; };
		4B1D26442B38AEB80014501D /* AddStudentView.swift in Sources */ = {isa = PBXBuildFile; fileRef = 4B1D26432B38AEB80014501D /* AddStudentView.swift */; };
		4B1D26462B38AECB0014501D /* EditStudentView.swift in Sources */ = {isa = PBXBuildFile; fileRef = 4B1D26452B38AECB0014501D /* EditStudentView.swift */; };
		4B2A46712B6B0BD7003EFF55 /* PopulateDatabaseFromCalendar.swift in Sources */ = {isa = PBXBuildFile; fileRef = 4B2A46702B6B0BD7003EFF55 /* PopulateDatabaseFromCalendar.swift */; };
		4B2A46732B6EAB00003EFF55 /* HeadTeacherInputView.swift in Sources */ = {isa = PBXBuildFile; fileRef = 4B2A46722B6EAB00003EFF55 /* HeadTeacherInputView.swift */; };
		4B2A46752B6EAC4E003EFF55 /* PlistManager.swift in Sources */ = {isa = PBXBuildFile; fileRef = 4B2A46742B6EAC4E003EFF55 /* PlistManager.swift */; };
		4B84CD082B67D3FD00EC2DC5 /* HeadTeacher.swift in Sources */ = {isa = PBXBuildFile; fileRef = 4B84CD072B67D3FD00EC2DC5 /* HeadTeacher.swift */; };
		4B8DC11D2B743E2D00D4C4BC /* CreateInvoicePDF.swift in Sources */ = {isa = PBXBuildFile; fileRef = 4B8DC11C2B743E2D00D4C4BC /* CreateInvoicePDF.swift */; };
		4BD4554D2B62B8C700F2BA2C /* InvoiceView.swift in Sources */ = {isa = PBXBuildFile; fileRef = 4BD4554C2B62B8C700F2BA2C /* InvoiceView.swift */; };
		4BD4554F2B62BAC800F2BA2C /* PresentationManager.swift in Sources */ = {isa = PBXBuildFile; fileRef = 4BD4554E2B62BAC800F2BA2C /* PresentationManager.swift */; };
		4BD455512B62C37800F2BA2C /* Teacher.swift in Sources */ = {isa = PBXBuildFile; fileRef = 4BD455502B62C37800F2BA2C /* Teacher.swift */; };
		4BFF0FD42B70427E0086DDDF /* TaughtInstrumentView.swift in Sources */ = {isa = PBXBuildFile; fileRef = 4BFF0FD32B70427E0086DDDF /* TaughtInstrumentView.swift */; };
		4BFF0FD62B7042950086DDDF /* LessonRateView.swift in Sources */ = {isa = PBXBuildFile; fileRef = 4BFF0FD52B7042950086DDDF /* LessonRateView.swift */; };
		4BFF0FD82B7065A40086DDDF /* LessonDataManager.swift in Sources */ = {isa = PBXBuildFile; fileRef = 4BFF0FD72B7065A40086DDDF /* LessonDataManager.swift */; };
		4BFF0FDA2B7138160086DDDF /* InstrumentDataManager.swift in Sources */ = {isa = PBXBuildFile; fileRef = 4BFF0FD92B7138160086DDDF /* InstrumentDataManager.swift */; };
/* End PBXBuildFile section */

/* Begin PBXFileReference section */
		4B09A4882B41238900DE6D60 /* StudentRowView.swift */ = {isa = PBXFileReference; lastKnownFileType = sourcecode.swift; path = StudentRowView.swift; sourceTree = "<group>"; };
		4B1D261E2B34A57A0014501D /* MusicStudent.app */ = {isa = PBXFileReference; explicitFileType = wrapper.application; includeInIndex = 0; path = MusicStudent.app; sourceTree = BUILT_PRODUCTS_DIR; };
		4B1D26212B34A57A0014501D /* MusicStudentApp.swift */ = {isa = PBXFileReference; lastKnownFileType = sourcecode.swift; path = MusicStudentApp.swift; sourceTree = "<group>"; };
		4B1D26232B34A57A0014501D /* ContentView.swift */ = {isa = PBXFileReference; lastKnownFileType = sourcecode.swift; path = ContentView.swift; sourceTree = "<group>"; };
		4B1D26252B34A57C0014501D /* Assets.xcassets */ = {isa = PBXFileReference; lastKnownFileType = folder.assetcatalog; path = Assets.xcassets; sourceTree = "<group>"; };
		4B1D26282B34A57C0014501D /* Preview Assets.xcassets */ = {isa = PBXFileReference; lastKnownFileType = folder.assetcatalog; path = "Preview Assets.xcassets"; sourceTree = "<group>"; };
		4B1D262A2B34A57C0014501D /* Persistence.swift */ = {isa = PBXFileReference; lastKnownFileType = sourcecode.swift; path = Persistence.swift; sourceTree = "<group>"; };
		4B1D262D2B34A57C0014501D /* MusicStudent.xcdatamodel */ = {isa = PBXFileReference; lastKnownFileType = wrapper.xcdatamodel; path = MusicStudent.xcdatamodel; sourceTree = "<group>"; };
		4B1D262F2B34A57C0014501D /* MusicStudent.entitlements */ = {isa = PBXFileReference; lastKnownFileType = text.plist.entitlements; path = MusicStudent.entitlements; sourceTree = "<group>"; };
		4B1D26372B35E6540014501D /* Student.swift */ = {isa = PBXFileReference; lastKnownFileType = sourcecode.swift; path = Student.swift; sourceTree = "<group>"; };
		4B1D263F2B388FCF0014501D /* FilterOptionsView.swift */ = {isa = PBXFileReference; lastKnownFileType = sourcecode.swift; path = FilterOptionsView.swift; sourceTree = "<group>"; };
		4B1D26412B38AA470014501D /* DatabaseManager.swift */ = {isa = PBXFileReference; lastKnownFileType = sourcecode.swift; path = DatabaseManager.swift; sourceTree = "<group>"; };
		4B1D26432B38AEB80014501D /* AddStudentView.swift */ = {isa = PBXFileReference; lastKnownFileType = sourcecode.swift; path = AddStudentView.swift; sourceTree = "<group>"; };
		4B1D26452B38AECB0014501D /* EditStudentView.swift */ = {isa = PBXFileReference; lastKnownFileType = sourcecode.swift; path = EditStudentView.swift; sourceTree = "<group>"; };
		4B2A46702B6B0BD7003EFF55 /* PopulateDatabaseFromCalendar.swift */ = {isa = PBXFileReference; lastKnownFileType = sourcecode.swift; path = PopulateDatabaseFromCalendar.swift; sourceTree = "<group>"; };
		4B2A46722B6EAB00003EFF55 /* HeadTeacherInputView.swift */ = {isa = PBXFileReference; lastKnownFileType = sourcecode.swift; path = HeadTeacherInputView.swift; sourceTree = "<group>"; };
		4B2A46742B6EAC4E003EFF55 /* PlistManager.swift */ = {isa = PBXFileReference; lastKnownFileType = sourcecode.swift; path = PlistManager.swift; sourceTree = "<group>"; };
		4B7F87DC2B53104B0079EB29 /* Info.plist */ = {isa = PBXFileReference; lastKnownFileType = text.plist; path = Info.plist; sourceTree = "<group>"; };
		4B84CD072B67D3FD00EC2DC5 /* HeadTeacher.swift */ = {isa = PBXFileReference; lastKnownFileType = sourcecode.swift; path = HeadTeacher.swift; sourceTree = "<group>"; };
		4B8DC11C2B743E2D00D4C4BC /* CreateInvoicePDF.swift */ = {isa = PBXFileReference; lastKnownFileType = sourcecode.swift; path = CreateInvoicePDF.swift; sourceTree = "<group>"; };
		4BD4554C2B62B8C700F2BA2C /* InvoiceView.swift */ = {isa = PBXFileReference; lastKnownFileType = sourcecode.swift; path = InvoiceView.swift; sourceTree = "<group>"; };
		4BD4554E2B62BAC800F2BA2C /* PresentationManager.swift */ = {isa = PBXFileReference; lastKnownFileType = sourcecode.swift; path = PresentationManager.swift; sourceTree = "<group>"; };
		4BD455502B62C37800F2BA2C /* Teacher.swift */ = {isa = PBXFileReference; lastKnownFileType = sourcecode.swift; path = Teacher.swift; sourceTree = "<group>"; };
		4BFF0FD32B70427E0086DDDF /* TaughtInstrumentView.swift */ = {isa = PBXFileReference; lastKnownFileType = sourcecode.swift; path = TaughtInstrumentView.swift; sourceTree = "<group>"; };
		4BFF0FD52B7042950086DDDF /* LessonRateView.swift */ = {isa = PBXFileReference; lastKnownFileType = sourcecode.swift; path = LessonRateView.swift; sourceTree = "<group>"; };
		4BFF0FD72B7065A40086DDDF /* LessonDataManager.swift */ = {isa = PBXFileReference; lastKnownFileType = sourcecode.swift; path = LessonDataManager.swift; sourceTree = "<group>"; };
		4BFF0FD92B7138160086DDDF /* InstrumentDataManager.swift */ = {isa = PBXFileReference; lastKnownFileType = sourcecode.swift; path = InstrumentDataManager.swift; sourceTree = "<group>"; };
/* End PBXFileReference section */

/* Begin PBXFrameworksBuildPhase section */
		4B1D261B2B34A57A0014501D /* Frameworks */ = {
			isa = PBXFrameworksBuildPhase;
			buildActionMask = 2147483647;
			files = (
			);
			runOnlyForDeploymentPostprocessing = 0;
		};
/* End PBXFrameworksBuildPhase section */

/* Begin PBXGroup section */
		4B1D26152B34A57A0014501D = {
			isa = PBXGroup;
			children = (
				4B1D26202B34A57A0014501D /* MusicStudent */,
				4B1D261F2B34A57A0014501D /* Products */,
			);
			sourceTree = "<group>";
		};
		4B1D261F2B34A57A0014501D /* Products */ = {
			isa = PBXGroup;
			children = (
				4B1D261E2B34A57A0014501D /* MusicStudent.app */,
			);
			name = Products;
			sourceTree = "<group>";
		};
		4B1D26202B34A57A0014501D /* MusicStudent */ = {
			isa = PBXGroup;
			children = (
				4B7F87DC2B53104B0079EB29 /* Info.plist */,
				4B1D26212B34A57A0014501D /* MusicStudentApp.swift */,
				4B1D26432B38AEB80014501D /* AddStudentView.swift */,
				4B1D26232B34A57A0014501D /* ContentView.swift */,
				4B1D26452B38AECB0014501D /* EditStudentView.swift */,
				4B1D263F2B388FCF0014501D /* FilterOptionsView.swift */,
				4B2A46722B6EAB00003EFF55 /* HeadTeacherInputView.swift */,
				4BD4554C2B62B8C700F2BA2C /* InvoiceView.swift */,
				4B09A4882B41238900DE6D60 /* StudentRowView.swift */,
				4BFF0FD32B70427E0086DDDF /* TaughtInstrumentView.swift */,
				4B1D26252B34A57C0014501D /* Assets.xcassets */,
				4B1D262A2B34A57C0014501D /* Persistence.swift */,
				4B1D262F2B34A57C0014501D /* MusicStudent.entitlements */,
				4B1D262C2B34A57C0014501D /* MusicStudent.xcdatamodeld */,
				4B1D26272B34A57C0014501D /* Preview Content */,
				4B84CD072B67D3FD00EC2DC5 /* HeadTeacher.swift */,
				4B1D26372B35E6540014501D /* Student.swift */,
				4BD455502B62C37800F2BA2C /* Teacher.swift */,
				4B8DC11C2B743E2D00D4C4BC /* CreateInvoicePDF.swift */,
				4B2A46702B6B0BD7003EFF55 /* PopulateDatabaseFromCalendar.swift */,
				4B1D26412B38AA470014501D /* DatabaseManager.swift */,
				4BFF0FD92B7138160086DDDF /* InstrumentDataManager.swift */,
				4BFF0FD72B7065A40086DDDF /* LessonDataManager.swift */,
				4BFF0FD52B7042950086DDDF /* LessonRateView.swift */,
				4B2A46742B6EAC4E003EFF55 /* PlistManager.swift */,
				4BD4554E2B62BAC800F2BA2C /* PresentationManager.swift */,
			);
			path = MusicStudent;
			sourceTree = "<group>";
		};
		4B1D26272B34A57C0014501D /* Preview Content */ = {
			isa = PBXGroup;
			children = (
				4B1D26282B34A57C0014501D /* Preview Assets.xcassets */,
			);
			path = "Preview Content";
			sourceTree = "<group>";
		};
/* End PBXGroup section */

/* Begin PBXNativeTarget section */
		4B1D261D2B34A57A0014501D /* MusicStudent */ = {
			isa = PBXNativeTarget;
			buildConfigurationList = 4B1D26322B34A57C0014501D /* Build configuration list for PBXNativeTarget "MusicStudent" */;
			buildPhases = (
				4B1D261A2B34A57A0014501D /* Sources */,
				4B1D261B2B34A57A0014501D /* Frameworks */,
				4B1D261C2B34A57A0014501D /* Resources */,
			);
			buildRules = (
			);
			dependencies = (
			);
			name = MusicStudent;
			productName = MusicStudent;
			productReference = 4B1D261E2B34A57A0014501D /* MusicStudent.app */;
			productType = "com.apple.product-type.application";
		};
/* End PBXNativeTarget section */

/* Begin PBXProject section */
		4B1D26162B34A57A0014501D /* Project object */ = {
			isa = PBXProject;
			attributes = {
				BuildIndependentTargetsInParallel = 1;
				LastSwiftUpdateCheck = 1420;
				LastUpgradeCheck = 1420;
				TargetAttributes = {
					4B1D261D2B34A57A0014501D = {
						CreatedOnToolsVersion = 14.2;
					};
				};
			};
			buildConfigurationList = 4B1D26192B34A57A0014501D /* Build configuration list for PBXProject "MusicStudent" */;
			compatibilityVersion = "Xcode 14.0";
			developmentRegion = en;
			hasScannedForEncodings = 0;
			knownRegions = (
				en,
				Base,
			);
			mainGroup = 4B1D26152B34A57A0014501D;
			productRefGroup = 4B1D261F2B34A57A0014501D /* Products */;
			projectDirPath = "";
			projectRoot = "";
			targets = (
				4B1D261D2B34A57A0014501D /* MusicStudent */,
			);
		};
/* End PBXProject section */

/* Begin PBXResourcesBuildPhase section */
		4B1D261C2B34A57A0014501D /* Resources */ = {
			isa = PBXResourcesBuildPhase;
			buildActionMask = 2147483647;
			files = (
				4B1D26292B34A57C0014501D /* Preview Assets.xcassets in Resources */,
				4B1D26262B34A57C0014501D /* Assets.xcassets in Resources */,
			);
			runOnlyForDeploymentPostprocessing = 0;
		};
/* End PBXResourcesBuildPhase section */

/* Begin PBXSourcesBuildPhase section */
		4B1D261A2B34A57A0014501D /* Sources */ = {
			isa = PBXSourcesBuildPhase;
			buildActionMask = 2147483647;
			files = (
				4B8DC11D2B743E2D00D4C4BC /* CreateInvoicePDF.swift in Sources */,
				4B09A4892B41238900DE6D60 /* StudentRowView.swift in Sources */,
				4B1D26422B38AA470014501D /* DatabaseManager.swift in Sources */,
				4BFF0FDA2B7138160086DDDF /* InstrumentDataManager.swift in Sources */,
				4B84CD082B67D3FD00EC2DC5 /* HeadTeacher.swift in Sources */,
				4B1D262B2B34A57C0014501D /* Persistence.swift in Sources */,
				4BFF0FD42B70427E0086DDDF /* TaughtInstrumentView.swift in Sources */,
				4B1D26382B35E6540014501D /* Student.swift in Sources */,
				4BD455512B62C37800F2BA2C /* Teacher.swift in Sources */,
				4B2A46752B6EAC4E003EFF55 /* PlistManager.swift in Sources */,
				4B1D262E2B34A57C0014501D /* MusicStudent.xcdatamodeld in Sources */,
				4B1D26242B34A57A0014501D /* ContentView.swift in Sources */,
				4B1D26462B38AECB0014501D /* EditStudentView.swift in Sources */,
				4B1D26402B388FCF0014501D /* FilterOptionsView.swift in Sources */,
				4B2A46712B6B0BD7003EFF55 /* PopulateDatabaseFromCalendar.swift in Sources */,
				4BD4554D2B62B8C700F2BA2C /* InvoiceView.swift in Sources */,
				4BD4554F2B62BAC800F2BA2C /* PresentationManager.swift in Sources */,
				4BFF0FD62B7042950086DDDF /* LessonRateView.swift in Sources */,
				4B1D26442B38AEB80014501D /* AddStudentView.swift in Sources */,
				4B2A46732B6EAB00003EFF55 /* HeadTeacherInputView.swift in Sources */,
				4B1D26222B34A57A0014501D /* MusicStudentApp.swift in Sources */,
				4BFF0FD82B7065A40086DDDF /* LessonDataManager.swift in Sources */,
			);
			runOnlyForDeploymentPostprocessing = 0;
		};
/* End PBXSourcesBuildPhase section */

/* Begin XCBuildConfiguration section */
		4B1D26302B34A57C0014501D /* Debug */ = {
			isa = XCBuildConfiguration;
			buildSettings = {
				ALWAYS_SEARCH_USER_PATHS = NO;
				CLANG_ANALYZER_NONNULL = YES;
				CLANG_ANALYZER_NUMBER_OBJECT_CONVERSION = YES_AGGRESSIVE;
				CLANG_CXX_LANGUAGE_STANDARD = "gnu++20";
				CLANG_ENABLE_MODULES = YES;
				CLANG_ENABLE_OBJC_ARC = YES;
				CLANG_ENABLE_OBJC_WEAK = YES;
				CLANG_WARN_BLOCK_CAPTURE_AUTORELEASING = YES;
				CLANG_WARN_BOOL_CONVERSION = YES;
				CLANG_WARN_COMMA = YES;
				CLANG_WARN_CONSTANT_CONVERSION = YES;
				CLANG_WARN_DEPRECATED_OBJC_IMPLEMENTATIONS = YES;
				CLANG_WARN_DIRECT_OBJC_ISA_USAGE = YES_ERROR;
				CLANG_WARN_DOCUMENTATION_COMMENTS = YES;
				CLANG_WARN_EMPTY_BODY = YES;
				CLANG_WARN_ENUM_CONVERSION = YES;
				CLANG_WARN_INFINITE_RECURSION = YES;
				CLANG_WARN_INT_CONVERSION = YES;
				CLANG_WARN_NON_LITERAL_NULL_CONVERSION = YES;
				CLANG_WARN_OBJC_IMPLICIT_RETAIN_SELF = YES;
				CLANG_WARN_OBJC_LITERAL_CONVERSION = YES;
				CLANG_WARN_OBJC_ROOT_CLASS = YES_ERROR;
				CLANG_WARN_QUOTED_INCLUDE_IN_FRAMEWORK_HEADER = YES;
				CLANG_WARN_RANGE_LOOP_ANALYSIS = YES;
				CLANG_WARN_STRICT_PROTOTYPES = YES;
				CLANG_WARN_SUSPICIOUS_MOVE = YES;
				CLANG_WARN_UNGUARDED_AVAILABILITY = YES_AGGRESSIVE;
				CLANG_WARN_UNREACHABLE_CODE = YES;
				CLANG_WARN__DUPLICATE_METHOD_MATCH = YES;
				COPY_PHASE_STRIP = NO;
				DEBUG_INFORMATION_FORMAT = dwarf;
				ENABLE_STRICT_OBJC_MSGSEND = YES;
				ENABLE_TESTABILITY = YES;
				GCC_C_LANGUAGE_STANDARD = gnu11;
				GCC_DYNAMIC_NO_PIC = NO;
				GCC_NO_COMMON_BLOCKS = YES;
				GCC_OPTIMIZATION_LEVEL = 0;
				GCC_PREPROCESSOR_DEFINITIONS = (
					"DEBUG=1",
					"$(inherited)",
				);
				GCC_WARN_64_TO_32_BIT_CONVERSION = YES;
				GCC_WARN_ABOUT_RETURN_TYPE = YES_ERROR;
				GCC_WARN_UNDECLARED_SELECTOR = YES;
				GCC_WARN_UNINITIALIZED_AUTOS = YES_AGGRESSIVE;
				GCC_WARN_UNUSED_FUNCTION = YES;
				GCC_WARN_UNUSED_VARIABLE = YES;
				MACOSX_DEPLOYMENT_TARGET = 13.1;
				MTL_ENABLE_DEBUG_INFO = INCLUDE_SOURCE;
				MTL_FAST_MATH = YES;
				ONLY_ACTIVE_ARCH = YES;
				SDKROOT = macosx;
				SWIFT_ACTIVE_COMPILATION_CONDITIONS = DEBUG;
				SWIFT_OPTIMIZATION_LEVEL = "-Onone";
			};
			name = Debug;
		};
		4B1D26312B34A57C0014501D /* Release */ = {
			isa = XCBuildConfiguration;
			buildSettings = {
				ALWAYS_SEARCH_USER_PATHS = NO;
				CLANG_ANALYZER_NONNULL = YES;
				CLANG_ANALYZER_NUMBER_OBJECT_CONVERSION = YES_AGGRESSIVE;
				CLANG_CXX_LANGUAGE_STANDARD = "gnu++20";
				CLANG_ENABLE_MODULES = YES;
				CLANG_ENABLE_OBJC_ARC = YES;
				CLANG_ENABLE_OBJC_WEAK = YES;
				CLANG_WARN_BLOCK_CAPTURE_AUTORELEASING = YES;
				CLANG_WARN_BOOL_CONVERSION = YES;
				CLANG_WARN_COMMA = YES;
				CLANG_WARN_CONSTANT_CONVERSION = YES;
				CLANG_WARN_DEPRECATED_OBJC_IMPLEMENTATIONS = YES;
				CLANG_WARN_DIRECT_OBJC_ISA_USAGE = YES_ERROR;
				CLANG_WARN_DOCUMENTATION_COMMENTS = YES;
				CLANG_WARN_EMPTY_BODY = YES;
				CLANG_WARN_ENUM_CONVERSION = YES;
				CLANG_WARN_INFINITE_RECURSION = YES;
				CLANG_WARN_INT_CONVERSION = YES;
				CLANG_WARN_NON_LITERAL_NULL_CONVERSION = YES;
				CLANG_WARN_OBJC_IMPLICIT_RETAIN_SELF = YES;
				CLANG_WARN_OBJC_LITERAL_CONVERSION = YES;
				CLANG_WARN_OBJC_ROOT_CLASS = YES_ERROR;
				CLANG_WARN_QUOTED_INCLUDE_IN_FRAMEWORK_HEADER = YES;
				CLANG_WARN_RANGE_LOOP_ANALYSIS = YES;
				CLANG_WARN_STRICT_PROTOTYPES = YES;
				CLANG_WARN_SUSPICIOUS_MOVE = YES;
				CLANG_WARN_UNGUARDED_AVAILABILITY = YES_AGGRESSIVE;
				CLANG_WARN_UNREACHABLE_CODE = YES;
				CLANG_WARN__DUPLICATE_METHOD_MATCH = YES;
				COPY_PHASE_STRIP = NO;
				DEBUG_INFORMATION_FORMAT = "dwarf-with-dsym";
				ENABLE_NS_ASSERTIONS = NO;
				ENABLE_STRICT_OBJC_MSGSEND = YES;
				GCC_C_LANGUAGE_STANDARD = gnu11;
				GCC_NO_COMMON_BLOCKS = YES;
				GCC_WARN_64_TO_32_BIT_CONVERSION = YES;
				GCC_WARN_ABOUT_RETURN_TYPE = YES_ERROR;
				GCC_WARN_UNDECLARED_SELECTOR = YES;
				GCC_WARN_UNINITIALIZED_AUTOS = YES_AGGRESSIVE;
				GCC_WARN_UNUSED_FUNCTION = YES;
				GCC_WARN_UNUSED_VARIABLE = YES;
				MACOSX_DEPLOYMENT_TARGET = 13.1;
				MTL_ENABLE_DEBUG_INFO = NO;
				MTL_FAST_MATH = YES;
				SDKROOT = macosx;
				SWIFT_COMPILATION_MODE = wholemodule;
				SWIFT_OPTIMIZATION_LEVEL = "-O";
			};
			name = Release;
		};
		4B1D26332B34A57C0014501D /* Debug */ = {
			isa = XCBuildConfiguration;
			buildSettings = {
				ASSETCATALOG_COMPILER_APPICON_NAME = AppIcon;
				ASSETCATALOG_COMPILER_GLOBAL_ACCENT_COLOR_NAME = AccentColor;
				CODE_SIGN_ENTITLEMENTS = MusicStudent/MusicStudent.entitlements;
				CODE_SIGN_STYLE = Automatic;
				COMBINE_HIDPI_IMAGES = YES;
				CURRENT_PROJECT_VERSION = 1;
				DEVELOPMENT_ASSET_PATHS = "\"MusicStudent/Preview Content\"";
				DEVELOPMENT_TEAM = EJR989C549;
				ENABLE_HARDENED_RUNTIME = YES;
				ENABLE_PREVIEWS = YES;
				GENERATE_INFOPLIST_FILE = YES;
				INFOPLIST_FILE = MusicStudent/Info.plist;
				INFOPLIST_KEY_CFBundleDisplayName = "Music Student";
				INFOPLIST_KEY_LSApplicationCategoryType = "public.app-category.music";
				INFOPLIST_KEY_NSCalendarsUsageDescription = "We need access to your calendar to fetch events.";
				INFOPLIST_KEY_NSHumanReadableCopyright = "";
				LD_RUNPATH_SEARCH_PATHS = (
					"$(inherited)",
					"@executable_path/../Frameworks",
				);
				MACOSX_DEPLOYMENT_TARGET = 12.4;
				MARKETING_VERSION = 1.0;
				PRODUCT_BUNDLE_IDENTIFIER = com.templarenergyventure.MusicStudent;
				PRODUCT_NAME = "$(TARGET_NAME)";
				SWIFT_EMIT_LOC_STRINGS = YES;
				SWIFT_VERSION = 5.0;
			};
			name = Debug;
		};
		4B1D26342B34A57C0014501D /* Release */ = {
			isa = XCBuildConfiguration;
			buildSettings = {
				ASSETCATALOG_COMPILER_APPICON_NAME = AppIcon;
				ASSETCATALOG_COMPILER_GLOBAL_ACCENT_COLOR_NAME = AccentColor;
				CODE_SIGN_ENTITLEMENTS = MusicStudent/MusicStudent.entitlements;
				CODE_SIGN_STYLE = Automatic;
				COMBINE_HIDPI_IMAGES = YES;
				CURRENT_PROJECT_VERSION = 1;
				DEVELOPMENT_ASSET_PATHS = "\"MusicStudent/Preview Content\"";
				DEVELOPMENT_TEAM = EJR989C549;
				ENABLE_HARDENED_RUNTIME = YES;
				ENABLE_PREVIEWS = YES;
				GENERATE_INFOPLIST_FILE = YES;
				INFOPLIST_FILE = MusicStudent/Info.plist;
				INFOPLIST_KEY_CFBundleDisplayName = "Music Student";
				INFOPLIST_KEY_LSApplicationCategoryType = "public.app-category.music";
				INFOPLIST_KEY_NSCalendarsUsageDescription = "We need access to your calendar to fetch events.";
				INFOPLIST_KEY_NSHumanReadableCopyright = "";
				LD_RUNPATH_SEARCH_PATHS = (
					"$(inherited)",
					"@executable_path/../Frameworks",
				);
				MACOSX_DEPLOYMENT_TARGET = 12.4;
				MARKETING_VERSION = 1.0;
				PRODUCT_BUNDLE_IDENTIFIER = com.templarenergyventure.MusicStudent;
				PRODUCT_NAME = "$(TARGET_NAME)";
				SWIFT_EMIT_LOC_STRINGS = YES;
				SWIFT_VERSION = 5.0;
			};
			name = Release;
		};
/* End XCBuildConfiguration section */

/* Begin XCConfigurationList section */
		4B1D26192B34A57A0014501D /* Build configuration list for PBXProject "MusicStudent" */ = {
			isa = XCConfigurationList;
			buildConfigurations = (
				4B1D26302B34A57C0014501D /* Debug */,
				4B1D26312B34A57C0014501D /* Release */,
			);
			defaultConfigurationIsVisible = 0;
			defaultConfigurationName = Release;
		};
		4B1D26322B34A57C0014501D /* Build configuration list for PBXNativeTarget "MusicStudent" */ = {
			isa = XCConfigurationList;
			buildConfigurations = (
				4B1D26332B34A57C0014501D /* Debug */,
				4B1D26342B34A57C0014501D /* Release */,
			);
			defaultConfigurationIsVisible = 0;
			defaultConfigurationName = Release;
		};
/* End XCConfigurationList section */

/* Begin XCVersionGroup section */
		4B1D262C2B34A57C0014501D /* MusicStudent.xcdatamodeld */ = {
			isa = XCVersionGroup;
			children = (
				4B1D262D2B34A57C0014501D /* MusicStudent.xcdatamodel */,
			);
			currentVersion = 4B1D262D2B34A57C0014501D /* MusicStudent.xcdatamodel */;
			path = MusicStudent.xcdatamodeld;
			sourceTree = "<group>";
			versionGroupType = wrapper.xcdatamodel;
		};
/* End XCVersionGroup section */
	};
	rootObject = 4B1D26162B34A57A0014501D /* Project object */;
}
